
Microsoft Visual Studio Solution File, Format Version 12.00
# Visual Studio Version 17
VisualStudioVersion = 17.3.32929.385
MinimumVisualStudioVersion = 10.0.40219.1
Project("{FAE04EC0-301F-11D3-BF4B-00C04F79EFBC}") = "Explore_AgenciaAPI", "Explore_AgenciaAPI\Explore_AgenciaAPI.csproj", "{12245683-0172-43B6-9A8F-A096EBAE104A}"
EndProject
Global
	GlobalSection(SolutionConfigurationPlatforms) = preSolution
		Debug|Any CPU = Debug|Any CPU
		Release|Any CPU = Release|Any CPU
	EndGlobalSection
	GlobalSection(ProjectConfigurationPlatforms) = postSolution
		{12245683-0172-43B6-9A8F-A096EBAE104A}.Debug|Any CPU.ActiveCfg = Debug|Any CPU
		{12245683-0172-43B6-9A8F-A096EBAE104A}.Debug|Any CPU.Build.0 = Debug|Any CPU
		{12245683-0172-43B6-9A8F-A096EBAE104A}.Release|Any CPU.ActiveCfg = Release|Any CPU
		{12245683-0172-43B6-9A8F-A096EBAE104A}.Release|Any CPU.Build.0 = Release|Any CPU
	EndGlobalSection
	GlobalSection(SolutionProperties) = preSolution
		HideSolutionNode = FALSE
	EndGlobalSection
	GlobalSection(ExtensibilityGlobals) = postSolution
		SolutionGuid = {0DF1F065-E5B3-432D-B767-0214CC70618B}
	EndGlobalSection
EndGlobal
